// !$*UTF8*$!
{
	archiveVersion = 1;
	classes = {
	};
	objectVersion = 46;
	objects = {

/* Begin PBXBuildFile section */
		4ED0F9A3198B476E00C9FE2C /* UIKit-MultipleClasses.cas in Resources */ = {isa = PBXBuildFile; fileRef = 4ED0F9A1198B465600C9FE2C /* UIKit-MultipleClasses.cas */; };
		9980D2916D344434ACF1CB78 /* libPods-ClassyTests.a in Frameworks */ = {isa = PBXBuildFile; fileRef = C594C855E67D4ABAAB9D8034 /* libPods-ClassyTests.a */; };
		BDABE4F7F7AD42D589D779BD /* libPods-ClassyTestsLoader.a in Frameworks */ = {isa = PBXBuildFile; fileRef = 13B648C088D7485783343464 /* libPods-ClassyTestsLoader.a */; };
		DD10AD361819FA6800A5B71D /* CustomView-Basic.cas in Resources */ = {isa = PBXBuildFile; fileRef = DD10AD2E1819FA6800A5B71D /* CustomView-Basic.cas */; };
		DD10AD371819FA6800A5B71D /* Properties-Basic.cas in Resources */ = {isa = PBXBuildFile; fileRef = DD10AD2F1819FA6800A5B71D /* Properties-Basic.cas */; };
		DD10AD381819FA6800A5B71D /* Selectors-Messy.cas in Resources */ = {isa = PBXBuildFile; fileRef = DD10AD301819FA6800A5B71D /* Selectors-Messy.cas */; };
		DD10AD391819FA6800A5B71D /* Selectors-Complex.cas in Resources */ = {isa = PBXBuildFile; fileRef = DD10AD311819FA6800A5B71D /* Selectors-Complex.cas */; };
		DD10AD3A1819FA6800A5B71D /* Selectors-Hierarchy.cas in Resources */ = {isa = PBXBuildFile; fileRef = DD10AD321819FA6800A5B71D /* Selectors-Hierarchy.cas */; };
		DD10AD3B1819FA6800A5B71D /* Selectors-Indentation.cas in Resources */ = {isa = PBXBuildFile; fileRef = DD10AD331819FA6800A5B71D /* Selectors-Indentation.cas */; };
		DD10AD3C1819FA6800A5B71D /* UIAppearance-Basic.cas in Resources */ = {isa = PBXBuildFile; fileRef = DD10AD341819FA6800A5B71D /* UIAppearance-Basic.cas */; };
		DD10AD3D1819FA6800A5B71D /* UIKit-Basic.cas in Resources */ = {isa = PBXBuildFile; fileRef = DD10AD351819FA6800A5B71D /* UIKit-Basic.cas */; };
		DD10AD47181A16EA00A5B71D /* CASArgumentDescriptorSpec.m in Sources */ = {isa = PBXBuildFile; fileRef = DD10AD40181A16EA00A5B71D /* CASArgumentDescriptorSpec.m */; };
		DD10AD48181A16EA00A5B71D /* CASLexerSpec.m in Sources */ = {isa = PBXBuildFile; fileRef = DD10AD41181A16EA00A5B71D /* CASLexerSpec.m */; };
		DD10AD49181A16EA00A5B71D /* CASParserSpec.m in Sources */ = {isa = PBXBuildFile; fileRef = DD10AD42181A16EA00A5B71D /* CASParserSpec.m */; };
		DD10AD4A181A16EA00A5B71D /* CASRuntimeExtensionsSpec.m in Sources */ = {isa = PBXBuildFile; fileRef = DD10AD43181A16EA00A5B71D /* CASRuntimeExtensionsSpec.m */; };
		DD10AD4B181A16EA00A5B71D /* CASStylePropertySpec.m in Sources */ = {isa = PBXBuildFile; fileRef = DD10AD44181A16EA00A5B71D /* CASStylePropertySpec.m */; };
		DD10AD4C181A16EA00A5B71D /* CASStylerSpec.m in Sources */ = {isa = PBXBuildFile; fileRef = DD10AD45181A16EA00A5B71D /* CASStylerSpec.m */; };
		DD10AD4D181A16EA00A5B71D /* CASTokenSpec.m in Sources */ = {isa = PBXBuildFile; fileRef = DD10AD46181A16EA00A5B71D /* CASTokenSpec.m */; };
		DD10AD4F181A172F00A5B71D /* CASUIKitSpec.m in Sources */ = {isa = PBXBuildFile; fileRef = DD10AD4E181A172F00A5B71D /* CASUIKitSpec.m */; };
		DD10AD51181A174A00A5B71D /* CASUIAppearanceSpec.m in Sources */ = {isa = PBXBuildFile; fileRef = DD10AD50181A174A00A5B71D /* CASUIAppearanceSpec.m */; };
		DD10AD53181A176000A5B71D /* CASCustomViewSpec.m in Sources */ = {isa = PBXBuildFile; fileRef = DD10AD52181A176000A5B71D /* CASCustomViewSpec.m */; };
		DD10AD55181A1C9100A5B71D /* Properties-Args.cas in Resources */ = {isa = PBXBuildFile; fileRef = DD10AD54181A1C9100A5B71D /* Properties-Args.cas */; };
		DD148307186482AC00E0F5EF /* Variables-Basic.cas in Resources */ = {isa = PBXBuildFile; fileRef = DD148306186482AC00E0F5EF /* Variables-Basic.cas */; };
		DD175F8F1820C81900139EBE /* test_image_1.png in Resources */ = {isa = PBXBuildFile; fileRef = DD175F8B1820C81900139EBE /* test_image_1.png */; };
		DD175F901820C81A00139EBE /* test_image_2.png in Resources */ = {isa = PBXBuildFile; fileRef = DD175F8C1820C81900139EBE /* test_image_2.png */; };
		DD175F911820C81A00139EBE /* test_image_3.png in Resources */ = {isa = PBXBuildFile; fileRef = DD175F8D1820C81900139EBE /* test_image_3.png */; };
		DD175F921820C81A00139EBE /* test_image_4.png in Resources */ = {isa = PBXBuildFile; fileRef = DD175F8E1820C81900139EBE /* test_image_4.png */; };
		DD2C8C931863D7E300F06746 /* Selectors-Media-Queries-styler.cas in Resources */ = {isa = PBXBuildFile; fileRef = DD2C8C921863D7E300F06746 /* Selectors-Media-Queries-styler.cas */; };
		DD52F105183DCB2600F31A3F /* Import-1.cas in Resources */ = {isa = PBXBuildFile; fileRef = DD52F102183DCB2600F31A3F /* Import-1.cas */; };
		DD52F106183DCB2600F31A3F /* Import-2.cas in Resources */ = {isa = PBXBuildFile; fileRef = DD52F103183DCB2600F31A3F /* Import-2.cas */; };
		DD52F107183DCB2600F31A3F /* Import-Base.cas in Resources */ = {isa = PBXBuildFile; fileRef = DD52F104183DCB2600F31A3F /* Import-Base.cas */; };
		DD592B13181DE5E800C30F7F /* Selectors-Nested.cas in Resources */ = {isa = PBXBuildFile; fileRef = DD592B12181DE5E800C30F7F /* Selectors-Nested.cas */; };
		DD5B2DB0189532DC00CB6531 /* Variables-Injection.cas in Resources */ = {isa = PBXBuildFile; fileRef = DD5B2DAF189532DC00CB6531 /* Variables-Injection.cas */; };
		DD748A5C184446A700DE426A /* UIDevice+CASMockDevice.m in Sources */ = {isa = PBXBuildFile; fileRef = DD748A5B184446A700DE426A /* UIDevice+CASMockDevice.m */; };
		DD7C18441827464C008110D7 /* Properties-Nested.cas in Resources */ = {isa = PBXBuildFile; fileRef = DD7C18431827464C008110D7 /* Properties-Nested.cas */; };
		DD824863183964CB00DDD6EF /* CASExampleViewController.m in Sources */ = {isa = PBXBuildFile; fileRef = DD824862183964CB00DDD6EF /* CASExampleViewController.m */; };
		DD8248651839684700DDD6EF /* UIView_CASAdditionsSpec.m in Sources */ = {isa = PBXBuildFile; fileRef = DD8248641839684700DDD6EF /* UIView_CASAdditionsSpec.m */; };
		DD84B3E0183ACB0A0009ACAA /* CASTestsAppDelegate.m in Sources */ = {isa = PBXBuildFile; fileRef = DD84B3DF183ACB0A0009ACAA /* CASTestsAppDelegate.m */; };
		DD84B3E3183ACC370009ACAA /* GcovTestObserver.m in Sources */ = {isa = PBXBuildFile; fileRef = DD84B3E2183ACC370009ACAA /* GcovTestObserver.m */; };
		DD85DDBF1841C1DC00126E8C /* Selectors-Media-Queries.cas in Resources */ = {isa = PBXBuildFile; fileRef = DD85DDBE1841C1DC00126E8C /* Selectors-Media-Queries.cas */; };
		DD9389DE18206A0100C0FFA7 /* CASStyleSelectorSpec.m in Sources */ = {isa = PBXBuildFile; fileRef = DD9389DD18206A0100C0FFA7 /* CASStyleSelectorSpec.m */; };
		DDB16C9A1895563900256EC6 /* Injected-File.cas in Resources */ = {isa = PBXBuildFile; fileRef = DDB16C991895563900256EC6 /* Injected-File.cas */; };
		DDBF583418113BC10059B8D3 /* XCTest.framework in Frameworks */ = {isa = PBXBuildFile; fileRef = DDBF582518112ECA0059B8D3 /* XCTest.framework */; };
		DDBF583518113BC10059B8D3 /* Foundation.framework in Frameworks */ = {isa = PBXBuildFile; fileRef = DDD3D48C1810D6DA00E378A2 /* Foundation.framework */; };
		DDBF583618113BC10059B8D3 /* UIKit.framework in Frameworks */ = {isa = PBXBuildFile; fileRef = DDD3D4901810D6DA00E378A2 /* UIKit.framework */; };
		DDBF586818113FCC0059B8D3 /* CASExampleView.m in Sources */ = {isa = PBXBuildFile; fileRef = DDBF586018113FCC0059B8D3 /* CASExampleView.m */; };
		DDD3D48D1810D6DA00E378A2 /* Foundation.framework in Frameworks */ = {isa = PBXBuildFile; fileRef = DDD3D48C1810D6DA00E378A2 /* Foundation.framework */; };
		DDD3D48F1810D6DA00E378A2 /* CoreGraphics.framework in Frameworks */ = {isa = PBXBuildFile; fileRef = DDD3D48E1810D6DA00E378A2 /* CoreGraphics.framework */; };
		DDD3D4911810D6DA00E378A2 /* UIKit.framework in Frameworks */ = {isa = PBXBuildFile; fileRef = DDD3D4901810D6DA00E378A2 /* UIKit.framework */; };
		DDD3D4C01810D8B100E378A2 /* Images.xcassets in Resources */ = {isa = PBXBuildFile; fileRef = DDD3D4BD1810D8B100E378A2 /* Images.xcassets */; };
		DDD3D4C11810D8B100E378A2 /* main.m in Sources */ = {isa = PBXBuildFile; fileRef = DDD3D4BE1810D8B100E378A2 /* main.m */; };
		DDD3D5001810DF7C00E378A2 /* test_image_5.png in Resources */ = {isa = PBXBuildFile; fileRef = DDD3D4FF1810DF7C00E378A2 /* test_image_5.png */; };
		DDE7E51F18915B0600BA5718 /* Precedence-1.cas in Resources */ = {isa = PBXBuildFile; fileRef = DDE7E51D18915B0600BA5718 /* Precedence-1.cas */; };
		DDE7E52018915B0600BA5718 /* Precedence-2.cas in Resources */ = {isa = PBXBuildFile; fileRef = DDE7E51E18915B0600BA5718 /* Precedence-2.cas */; };
/* End PBXBuildFile section */

/* Begin PBXContainerItemProxy section */
		DDBF584018113BC10059B8D3 /* PBXContainerItemProxy */ = {
			isa = PBXContainerItemProxy;
			containerPortal = DDD3D4811810D6DA00E378A2 /* Project object */;
			proxyType = 1;
			remoteGlobalIDString = DDD3D4881810D6DA00E378A2;
			remoteInfo = ClassyTestsLoader;
		};
/* End PBXContainerItemProxy section */

/* Begin PBXFileReference section */
		079339911EDA90D0E7C07ECD /* Pods-ClassyTestsLoader.release.xcconfig */ = {isa = PBXFileReference; includeInIndex = 1; lastKnownFileType = text.xcconfig; name = "Pods-ClassyTestsLoader.release.xcconfig"; path = "../Pods/Target Support Files/Pods-ClassyTestsLoader/Pods-ClassyTestsLoader.release.xcconfig"; sourceTree = "<group>"; };
		13B648C088D7485783343464 /* libPods-ClassyTestsLoader.a */ = {isa = PBXFileReference; explicitFileType = archive.ar; includeInIndex = 0; path = "libPods-ClassyTestsLoader.a"; sourceTree = BUILT_PRODUCTS_DIR; };
		4ED0F9A1198B465600C9FE2C /* UIKit-MultipleClasses.cas */ = {isa = PBXFileReference; fileEncoding = 4; lastKnownFileType = text; path = "UIKit-MultipleClasses.cas"; sourceTree = "<group>"; };
		6974873D3DC5638F91AF7A18 /* Pods-ClassyTestsLoader.debug.xcconfig */ = {isa = PBXFileReference; includeInIndex = 1; lastKnownFileType = text.xcconfig; name = "Pods-ClassyTestsLoader.debug.xcconfig"; path = "../Pods/Target Support Files/Pods-ClassyTestsLoader/Pods-ClassyTestsLoader.debug.xcconfig"; sourceTree = "<group>"; };
		B70022280A544A8418F356ED /* Pods-ClassyTests.debug.xcconfig */ = {isa = PBXFileReference; includeInIndex = 1; lastKnownFileType = text.xcconfig; name = "Pods-ClassyTests.debug.xcconfig"; path = "../Pods/Target Support Files/Pods-ClassyTests/Pods-ClassyTests.debug.xcconfig"; sourceTree = "<group>"; };
		BAA4DBC31A8D4B53D68A49E5 /* Pods-ClassyTests.release.xcconfig */ = {isa = PBXFileReference; includeInIndex = 1; lastKnownFileType = text.xcconfig; name = "Pods-ClassyTests.release.xcconfig"; path = "../Pods/Target Support Files/Pods-ClassyTests/Pods-ClassyTests.release.xcconfig"; sourceTree = "<group>"; };
		C594C855E67D4ABAAB9D8034 /* libPods-ClassyTests.a */ = {isa = PBXFileReference; explicitFileType = archive.ar; includeInIndex = 0; path = "libPods-ClassyTests.a"; sourceTree = BUILT_PRODUCTS_DIR; };
		DD10AD2E1819FA6800A5B71D /* CustomView-Basic.cas */ = {isa = PBXFileReference; fileEncoding = 4; lastKnownFileType = text; path = "CustomView-Basic.cas"; sourceTree = "<group>"; };
		DD10AD2F1819FA6800A5B71D /* Properties-Basic.cas */ = {isa = PBXFileReference; fileEncoding = 4; lastKnownFileType = text; path = "Properties-Basic.cas"; sourceTree = "<group>"; };
		DD10AD301819FA6800A5B71D /* Selectors-Messy.cas */ = {isa = PBXFileReference; fileEncoding = 4; lastKnownFileType = text; path = "Selectors-Messy.cas"; sourceTree = "<group>"; };
		DD10AD311819FA6800A5B71D /* Selectors-Complex.cas */ = {isa = PBXFileReference; fileEncoding = 4; lastKnownFileType = text; path = "Selectors-Complex.cas"; sourceTree = "<group>"; };
		DD10AD321819FA6800A5B71D /* Selectors-Hierarchy.cas */ = {isa = PBXFileReference; fileEncoding = 4; lastKnownFileType = text; path = "Selectors-Hierarchy.cas"; sourceTree = "<group>"; };
		DD10AD331819FA6800A5B71D /* Selectors-Indentation.cas */ = {isa = PBXFileReference; fileEncoding = 4; lastKnownFileType = text; path = "Selectors-Indentation.cas"; sourceTree = "<group>"; };
		DD10AD341819FA6800A5B71D /* UIAppearance-Basic.cas */ = {isa = PBXFileReference; fileEncoding = 4; lastKnownFileType = text; path = "UIAppearance-Basic.cas"; sourceTree = "<group>"; };
		DD10AD351819FA6800A5B71D /* UIKit-Basic.cas */ = {isa = PBXFileReference; fileEncoding = 4; lastKnownFileType = text; path = "UIKit-Basic.cas"; sourceTree = "<group>"; };
		DD10AD40181A16EA00A5B71D /* CASArgumentDescriptorSpec.m */ = {isa = PBXFileReference; fileEncoding = 4; lastKnownFileType = sourcecode.c.objc; path = CASArgumentDescriptorSpec.m; sourceTree = "<group>"; };
		DD10AD41181A16EA00A5B71D /* CASLexerSpec.m */ = {isa = PBXFileReference; fileEncoding = 4; lastKnownFileType = sourcecode.c.objc; path = CASLexerSpec.m; sourceTree = "<group>"; };
		DD10AD42181A16EA00A5B71D /* CASParserSpec.m */ = {isa = PBXFileReference; fileEncoding = 4; lastKnownFileType = sourcecode.c.objc; path = CASParserSpec.m; sourceTree = "<group>"; };
		DD10AD43181A16EA00A5B71D /* CASRuntimeExtensionsSpec.m */ = {isa = PBXFileReference; fileEncoding = 4; lastKnownFileType = sourcecode.c.objc; path = CASRuntimeExtensionsSpec.m; sourceTree = "<group>"; };
		DD10AD44181A16EA00A5B71D /* CASStylePropertySpec.m */ = {isa = PBXFileReference; fileEncoding = 4; lastKnownFileType = sourcecode.c.objc; path = CASStylePropertySpec.m; sourceTree = "<group>"; };
		DD10AD45181A16EA00A5B71D /* CASStylerSpec.m */ = {isa = PBXFileReference; fileEncoding = 4; lastKnownFileType = sourcecode.c.objc; path = CASStylerSpec.m; sourceTree = "<group>"; };
		DD10AD46181A16EA00A5B71D /* CASTokenSpec.m */ = {isa = PBXFileReference; fileEncoding = 4; lastKnownFileType = sourcecode.c.objc; path = CASTokenSpec.m; sourceTree = "<group>"; };
		DD10AD4E181A172F00A5B71D /* CASUIKitSpec.m */ = {isa = PBXFileReference; fileEncoding = 4; lastKnownFileType = sourcecode.c.objc; path = CASUIKitSpec.m; sourceTree = "<group>"; };
		DD10AD50181A174A00A5B71D /* CASUIAppearanceSpec.m */ = {isa = PBXFileReference; fileEncoding = 4; lastKnownFileType = sourcecode.c.objc; path = CASUIAppearanceSpec.m; sourceTree = "<group>"; };
		DD10AD52181A176000A5B71D /* CASCustomViewSpec.m */ = {isa = PBXFileReference; fileEncoding = 4; lastKnownFileType = sourcecode.c.objc; path = CASCustomViewSpec.m; sourceTree = "<group>"; };
		DD10AD54181A1C9100A5B71D /* Properties-Args.cas */ = {isa = PBXFileReference; fileEncoding = 4; lastKnownFileType = text; path = "Properties-Args.cas"; sourceTree = "<group>"; };
		DD148306186482AC00E0F5EF /* Variables-Basic.cas */ = {isa = PBXFileReference; fileEncoding = 4; lastKnownFileType = text; path = "Variables-Basic.cas"; sourceTree = "<group>"; };
		DD175F8B1820C81900139EBE /* test_image_1.png */ = {isa = PBXFileReference; lastKnownFileType = image.png; path = test_image_1.png; sourceTree = "<group>"; };
		DD175F8C1820C81900139EBE /* test_image_2.png */ = {isa = PBXFileReference; lastKnownFileType = image.png; path = test_image_2.png; sourceTree = "<group>"; };
		DD175F8D1820C81900139EBE /* test_image_3.png */ = {isa = PBXFileReference; lastKnownFileType = image.png; path = test_image_3.png; sourceTree = "<group>"; };
		DD175F8E1820C81900139EBE /* test_image_4.png */ = {isa = PBXFileReference; lastKnownFileType = image.png; path = test_image_4.png; sourceTree = "<group>"; };
		DD2C8C921863D7E300F06746 /* Selectors-Media-Queries-styler.cas */ = {isa = PBXFileReference; fileEncoding = 4; lastKnownFileType = text; path = "Selectors-Media-Queries-styler.cas"; sourceTree = "<group>"; };
		DD43DA8A1810F5D40058FBC1 /* Classy-Prefix.pch */ = {isa = PBXFileReference; fileEncoding = 4; lastKnownFileType = sourcecode.c.h; path = "Classy-Prefix.pch"; sourceTree = "<group>"; };
		DD52F102183DCB2600F31A3F /* Import-1.cas */ = {isa = PBXFileReference; fileEncoding = 4; lastKnownFileType = text; path = "Import-1.cas"; sourceTree = "<group>"; };
		DD52F103183DCB2600F31A3F /* Import-2.cas */ = {isa = PBXFileReference; fileEncoding = 4; lastKnownFileType = text; path = "Import-2.cas"; sourceTree = "<group>"; };
		DD52F104183DCB2600F31A3F /* Import-Base.cas */ = {isa = PBXFileReference; fileEncoding = 4; lastKnownFileType = text; path = "Import-Base.cas"; sourceTree = "<group>"; };
		DD592B12181DE5E800C30F7F /* Selectors-Nested.cas */ = {isa = PBXFileReference; fileEncoding = 4; lastKnownFileType = text; path = "Selectors-Nested.cas"; sourceTree = "<group>"; };
		DD5B2DAF189532DC00CB6531 /* Variables-Injection.cas */ = {isa = PBXFileReference; fileEncoding = 4; lastKnownFileType = text; path = "Variables-Injection.cas"; sourceTree = "<group>"; };
		DD748A5A184446A700DE426A /* UIDevice+CASMockDevice.h */ = {isa = PBXFileReference; fileEncoding = 4; lastKnownFileType = sourcecode.c.h; path = "UIDevice+CASMockDevice.h"; sourceTree = "<group>"; };
		DD748A5B184446A700DE426A /* UIDevice+CASMockDevice.m */ = {isa = PBXFileReference; fileEncoding = 4; lastKnownFileType = sourcecode.c.objc; path = "UIDevice+CASMockDevice.m"; sourceTree = "<group>"; };
		DD748A5D184446F900DE426A /* CASSwizzler.h */ = {isa = PBXFileReference; fileEncoding = 4; lastKnownFileType = sourcecode.c.h; path = CASSwizzler.h; sourceTree = "<group>"; };
		DD7C18431827464C008110D7 /* Properties-Nested.cas */ = {isa = PBXFileReference; fileEncoding = 4; lastKnownFileType = text; path = "Properties-Nested.cas"; sourceTree = "<group>"; };
		DD824861183964CB00DDD6EF /* CASExampleViewController.h */ = {isa = PBXFileReference; fileEncoding = 4; lastKnownFileType = sourcecode.c.h; path = CASExampleViewController.h; sourceTree = "<group>"; };
		DD824862183964CB00DDD6EF /* CASExampleViewController.m */ = {isa = PBXFileReference; fileEncoding = 4; lastKnownFileType = sourcecode.c.objc; path = CASExampleViewController.m; sourceTree = "<group>"; };
		DD8248641839684700DDD6EF /* UIView_CASAdditionsSpec.m */ = {isa = PBXFileReference; fileEncoding = 4; lastKnownFileType = sourcecode.c.objc; path = UIView_CASAdditionsSpec.m; sourceTree = "<group>"; };
		DD84B3DE183ACB0A0009ACAA /* CASTestsAppDelegate.h */ = {isa = PBXFileReference; fileEncoding = 4; lastKnownFileType = sourcecode.c.h; path = CASTestsAppDelegate.h; sourceTree = "<group>"; };
		DD84B3DF183ACB0A0009ACAA /* CASTestsAppDelegate.m */ = {isa = PBXFileReference; fileEncoding = 4; lastKnownFileType = sourcecode.c.objc; path = CASTestsAppDelegate.m; sourceTree = "<group>"; };
		DD84B3E2183ACC370009ACAA /* GcovTestObserver.m */ = {isa = PBXFileReference; fileEncoding = 4; lastKnownFileType = sourcecode.c.objc; path = GcovTestObserver.m; sourceTree = "<group>"; };
		DD85DDBE1841C1DC00126E8C /* Selectors-Media-Queries.cas */ = {isa = PBXFileReference; fileEncoding = 4; lastKnownFileType = text; path = "Selectors-Media-Queries.cas"; sourceTree = "<group>"; };
		DD9389DD18206A0100C0FFA7 /* CASStyleSelectorSpec.m */ = {isa = PBXFileReference; fileEncoding = 4; lastKnownFileType = sourcecode.c.objc; path = CASStyleSelectorSpec.m; sourceTree = "<group>"; };
		DDB16C991895563900256EC6 /* Injected-File.cas */ = {isa = PBXFileReference; fileEncoding = 4; lastKnownFileType = text; path = "Injected-File.cas"; sourceTree = "<group>"; };
		DDBF582518112ECA0059B8D3 /* XCTest.framework */ = {isa = PBXFileReference; lastKnownFileType = wrapper.framework; name = XCTest.framework; path = Library/Frameworks/XCTest.framework; sourceTree = DEVELOPER_DIR; };
		DDBF583318113BC10059B8D3 /* ClassyTests.xctest */ = {isa = PBXFileReference; explicitFileType = wrapper.cfbundle; includeInIndex = 0; path = ClassyTests.xctest; sourceTree = BUILT_PRODUCTS_DIR; };
		DDBF585018113C750059B8D3 /* XCTest+Spec.h */ = {isa = PBXFileReference; fileEncoding = 4; lastKnownFileType = sourcecode.c.h; path = "XCTest+Spec.h"; sourceTree = "<group>"; };
		DDBF585B18113C980059B8D3 /* ClassyTests-Info.plist */ = {isa = PBXFileReference; fileEncoding = 4; lastKnownFileType = text.plist.xml; path = "ClassyTests-Info.plist"; sourceTree = SOURCE_ROOT; };
		DDBF585C18113C980059B8D3 /* ClassyTests-Prefix.pch */ = {isa = PBXFileReference; fileEncoding = 4; lastKnownFileType = sourcecode.c.h; path = "ClassyTests-Prefix.pch"; sourceTree = SOURCE_ROOT; };
		DDBF585F18113FCC0059B8D3 /* CASExampleView.h */ = {isa = PBXFileReference; fileEncoding = 4; lastKnownFileType = sourcecode.c.h; path = CASExampleView.h; sourceTree = "<group>"; };
		DDBF586018113FCC0059B8D3 /* CASExampleView.m */ = {isa = PBXFileReference; fileEncoding = 4; lastKnownFileType = sourcecode.c.objc; path = CASExampleView.m; sourceTree = "<group>"; };
		DDD3D4891810D6DA00E378A2 /* ClassyTestsLoader.app */ = {isa = PBXFileReference; explicitFileType = wrapper.application; includeInIndex = 0; path = ClassyTestsLoader.app; sourceTree = BUILT_PRODUCTS_DIR; };
		DDD3D48C1810D6DA00E378A2 /* Foundation.framework */ = {isa = PBXFileReference; lastKnownFileType = wrapper.framework; name = Foundation.framework; path = System/Library/Frameworks/Foundation.framework; sourceTree = SDKROOT; };
		DDD3D48E1810D6DA00E378A2 /* CoreGraphics.framework */ = {isa = PBXFileReference; lastKnownFileType = wrapper.framework; name = CoreGraphics.framework; path = System/Library/Frameworks/CoreGraphics.framework; sourceTree = SDKROOT; };
		DDD3D4901810D6DA00E378A2 /* UIKit.framework */ = {isa = PBXFileReference; lastKnownFileType = wrapper.framework; name = UIKit.framework; path = System/Library/Frameworks/UIKit.framework; sourceTree = SDKROOT; };
		DDD3D4BC1810D8B100E378A2 /* ClassyTestsLoader-Info.plist */ = {isa = PBXFileReference; fileEncoding = 4; lastKnownFileType = text.plist.xml; path = "ClassyTestsLoader-Info.plist"; sourceTree = "<group>"; };
		DDD3D4BD1810D8B100E378A2 /* Images.xcassets */ = {isa = PBXFileReference; lastKnownFileType = folder.assetcatalog; path = Images.xcassets; sourceTree = "<group>"; };
		DDD3D4BE1810D8B100E378A2 /* main.m */ = {isa = PBXFileReference; fileEncoding = 4; lastKnownFileType = sourcecode.c.objc; path = main.m; sourceTree = "<group>"; };
		DDD3D4C71810D9A400E378A2 /* SenTestingKit.framework */ = {isa = PBXFileReference; lastKnownFileType = wrapper.framework; name = SenTestingKit.framework; path = Library/Frameworks/SenTestingKit.framework; sourceTree = DEVELOPER_DIR; };
		DDD3D4FF1810DF7C00E378A2 /* test_image_5.png */ = {isa = PBXFileReference; lastKnownFileType = image.png; path = test_image_5.png; sourceTree = "<group>"; };
		DDD3D5011810E02F00E378A2 /* QuartzCore.framework */ = {isa = PBXFileReference; lastKnownFileType = wrapper.framework; name = QuartzCore.framework; path = System/Library/Frameworks/QuartzCore.framework; sourceTree = SDKROOT; };
		DDE7E51D18915B0600BA5718 /* Precedence-1.cas */ = {isa = PBXFileReference; fileEncoding = 4; lastKnownFileType = text; path = "Precedence-1.cas"; sourceTree = "<group>"; };
		DDE7E51E18915B0600BA5718 /* Precedence-2.cas */ = {isa = PBXFileReference; fileEncoding = 4; lastKnownFileType = text; path = "Precedence-2.cas"; sourceTree = "<group>"; };
/* End PBXFileReference section */

/* Begin PBXFrameworksBuildPhase section */
		DDBF583018113BC10059B8D3 /* Frameworks */ = {
			isa = PBXFrameworksBuildPhase;
			buildActionMask = 2147483647;
			files = (
				DDBF583418113BC10059B8D3 /* XCTest.framework in Frameworks */,
				DDBF583618113BC10059B8D3 /* UIKit.framework in Frameworks */,
				DDBF583518113BC10059B8D3 /* Foundation.framework in Frameworks */,
				9980D2916D344434ACF1CB78 /* libPods-ClassyTests.a in Frameworks */,
			);
			runOnlyForDeploymentPostprocessing = 0;
		};
		DDD3D4861810D6DA00E378A2 /* Frameworks */ = {
			isa = PBXFrameworksBuildPhase;
			buildActionMask = 2147483647;
			files = (
				DDD3D48F1810D6DA00E378A2 /* CoreGraphics.framework in Frameworks */,
				DDD3D4911810D6DA00E378A2 /* UIKit.framework in Frameworks */,
				DDD3D48D1810D6DA00E378A2 /* Foundation.framework in Frameworks */,
				BDABE4F7F7AD42D589D779BD /* libPods-ClassyTestsLoader.a in Frameworks */,
			);
			runOnlyForDeploymentPostprocessing = 0;
		};
/* End PBXFrameworksBuildPhase section */

/* Begin PBXGroup section */
		CB3DB70017F85796C2A240ED /* Pods */ = {
			isa = PBXGroup;
			children = (
				B70022280A544A8418F356ED /* Pods-ClassyTests.debug.xcconfig */,
				BAA4DBC31A8D4B53D68A49E5 /* Pods-ClassyTests.release.xcconfig */,
				6974873D3DC5638F91AF7A18 /* Pods-ClassyTestsLoader.debug.xcconfig */,
				079339911EDA90D0E7C07ECD /* Pods-ClassyTestsLoader.release.xcconfig */,
			);
			name = Pods;
			sourceTree = "<group>";
		};
		DD10AD3E181A16EA00A5B71D /* Integration Tests */ = {
			isa = PBXGroup;
			children = (
				DD10AD4E181A172F00A5B71D /* CASUIKitSpec.m */,
				DD10AD50181A174A00A5B71D /* CASUIAppearanceSpec.m */,
				DD10AD52181A176000A5B71D /* CASCustomViewSpec.m */,
			);
			path = "Integration Tests";
			sourceTree = "<group>";
		};
		DD10AD3F181A16EA00A5B71D /* Unit Tests */ = {
			isa = PBXGroup;
			children = (
				DD10AD40181A16EA00A5B71D /* CASArgumentDescriptorSpec.m */,
				DD10AD41181A16EA00A5B71D /* CASLexerSpec.m */,
				DD10AD42181A16EA00A5B71D /* CASParserSpec.m */,
				DD10AD43181A16EA00A5B71D /* CASRuntimeExtensionsSpec.m */,
				DD10AD44181A16EA00A5B71D /* CASStylePropertySpec.m */,
				DD10AD45181A16EA00A5B71D /* CASStylerSpec.m */,
				DD10AD46181A16EA00A5B71D /* CASTokenSpec.m */,
				DD9389DD18206A0100C0FFA7 /* CASStyleSelectorSpec.m */,
				DD8248641839684700DDD6EF /* UIView_CASAdditionsSpec.m */,
			);
			path = "Unit Tests";
			sourceTree = "<group>";
		};
		DDBF584518113C750059B8D3 /* Specs */ = {
			isa = PBXGroup;
			children = (
				DD10AD3E181A16EA00A5B71D /* Integration Tests */,
				DD10AD3F181A16EA00A5B71D /* Unit Tests */,
			);
			path = Specs;
			sourceTree = "<group>";
		};
		DDBF585A18113C850059B8D3 /* Supporting Files */ = {
			isa = PBXGroup;
			children = (
				DDD3D4BB1810D8B100E378A2 /* ClassyTestsLoader */,
				DD748A5D184446F900DE426A /* CASSwizzler.h */,
				DD748A5A184446A700DE426A /* UIDevice+CASMockDevice.h */,
				DD748A5B184446A700DE426A /* UIDevice+CASMockDevice.m */,
				DD824861183964CB00DDD6EF /* CASExampleViewController.h */,
				DD824862183964CB00DDD6EF /* CASExampleViewController.m */,
				DDBF585F18113FCC0059B8D3 /* CASExampleView.h */,
				DDBF586018113FCC0059B8D3 /* CASExampleView.m */,
				DDBF585018113C750059B8D3 /* XCTest+Spec.h */,
				DD84B3E2183ACC370009ACAA /* GcovTestObserver.m */,
				DDBF585B18113C980059B8D3 /* ClassyTests-Info.plist */,
				DDBF585C18113C980059B8D3 /* ClassyTests-Prefix.pch */,
			);
			name = "Supporting Files";
			path = Specs;
			sourceTree = "<group>";
		};
		DDBF586F181145760059B8D3 /* Stylesheets */ = {
			isa = PBXGroup;
			children = (
				DD10AD2E1819FA6800A5B71D /* CustomView-Basic.cas */,
				DD10AD54181A1C9100A5B71D /* Properties-Args.cas */,
				DD10AD2F1819FA6800A5B71D /* Properties-Basic.cas */,
				DD7C18431827464C008110D7 /* Properties-Nested.cas */,
				DD10AD301819FA6800A5B71D /* Selectors-Messy.cas */,
				DD10AD311819FA6800A5B71D /* Selectors-Complex.cas */,
				DD10AD321819FA6800A5B71D /* Selectors-Hierarchy.cas */,
				DD10AD331819FA6800A5B71D /* Selectors-Indentation.cas */,
				DD592B12181DE5E800C30F7F /* Selectors-Nested.cas */,
				DD85DDBE1841C1DC00126E8C /* Selectors-Media-Queries.cas */,
				DD2C8C921863D7E300F06746 /* Selectors-Media-Queries-styler.cas */,
				DD10AD341819FA6800A5B71D /* UIAppearance-Basic.cas */,
				DD10AD351819FA6800A5B71D /* UIKit-Basic.cas */,
				DD52F104183DCB2600F31A3F /* Import-Base.cas */,
				DD52F102183DCB2600F31A3F /* Import-1.cas */,
				DD52F103183DCB2600F31A3F /* Import-2.cas */,
				DD148306186482AC00E0F5EF /* Variables-Basic.cas */,
				DD5B2DAF189532DC00CB6531 /* Variables-Injection.cas */,
				DDB16C991895563900256EC6 /* Injected-File.cas */,
				DDE7E51D18915B0600BA5718 /* Precedence-1.cas */,
				DDE7E51E18915B0600BA5718 /* Precedence-2.cas */,
				4ED0F9A1198B465600C9FE2C /* UIKit-MultipleClasses.cas */,
			);
			path = Stylesheets;
			sourceTree = "<group>";
		};
		DDD3D4801810D6DA00E378A2 = {
			isa = PBXGroup;
			children = (
				DDBF586F181145760059B8D3 /* Stylesheets */,
				DDBF584518113C750059B8D3 /* Specs */,
				DDBF585A18113C850059B8D3 /* Supporting Files */,
				DDD3D48B1810D6DA00E378A2 /* Frameworks */,
				DDD3D48A1810D6DA00E378A2 /* Products */,
				CB3DB70017F85796C2A240ED /* Pods */,
			);
			sourceTree = "<group>";
		};
		DDD3D48A1810D6DA00E378A2 /* Products */ = {
			isa = PBXGroup;
			children = (
				DDD3D4891810D6DA00E378A2 /* ClassyTestsLoader.app */,
				DDBF583318113BC10059B8D3 /* ClassyTests.xctest */,
			);
			name = Products;
			sourceTree = "<group>";
		};
		DDD3D48B1810D6DA00E378A2 /* Frameworks */ = {
			isa = PBXGroup;
			children = (
				DDBF582518112ECA0059B8D3 /* XCTest.framework */,
				DDD3D5011810E02F00E378A2 /* QuartzCore.framework */,
				DDD3D48C1810D6DA00E378A2 /* Foundation.framework */,
				DDD3D48E1810D6DA00E378A2 /* CoreGraphics.framework */,
				DDD3D4901810D6DA00E378A2 /* UIKit.framework */,
				DDD3D4C71810D9A400E378A2 /* SenTestingKit.framework */,
				C594C855E67D4ABAAB9D8034 /* libPods-ClassyTests.a */,
				13B648C088D7485783343464 /* libPods-ClassyTestsLoader.a */,
			);
			name = Frameworks;
			sourceTree = "<group>";
		};
		DDD3D4BB1810D8B100E378A2 /* ClassyTestsLoader */ = {
			isa = PBXGroup;
			children = (
				DD84B3DE183ACB0A0009ACAA /* CASTestsAppDelegate.h */,
				DD84B3DF183ACB0A0009ACAA /* CASTestsAppDelegate.m */,
				DD175F8B1820C81900139EBE /* test_image_1.png */,
				DD175F8C1820C81900139EBE /* test_image_2.png */,
				DD175F8D1820C81900139EBE /* test_image_3.png */,
				DD175F8E1820C81900139EBE /* test_image_4.png */,
				DDD3D4FF1810DF7C00E378A2 /* test_image_5.png */,
				DDD3D4BC1810D8B100E378A2 /* ClassyTestsLoader-Info.plist */,
				DDD3D4BD1810D8B100E378A2 /* Images.xcassets */,
				DDD3D4BE1810D8B100E378A2 /* main.m */,
				DD43DA8A1810F5D40058FBC1 /* Classy-Prefix.pch */,
			);
			name = ClassyTestsLoader;
			path = ../ClassyTestsLoader;
			sourceTree = "<group>";
		};
/* End PBXGroup section */

/* Begin PBXNativeTarget section */
		DDBF583218113BC10059B8D3 /* ClassyTests */ = {
			isa = PBXNativeTarget;
			buildConfigurationList = DDBF584218113BC10059B8D3 /* Build configuration list for PBXNativeTarget "ClassyTests" */;
			buildPhases = (
				978F0B8381844F0694B65CD6 /* [CP] Check Pods Manifest.lock */,
				DDBF582F18113BC10059B8D3 /* Sources */,
				DDBF583018113BC10059B8D3 /* Frameworks */,
				DDBF583118113BC10059B8D3 /* Resources */,
				CC986B10AB494D06AB85AEF5 /* [CP] Copy Pods Resources */,
				0D28211D96233A3624E5F34D /* [CP] Embed Pods Frameworks */,
			);
			buildRules = (
			);
			dependencies = (
				DDBF584118113BC10059B8D3 /* PBXTargetDependency */,
			);
			name = ClassyTests;
			productName = ClassyTests;
			productReference = DDBF583318113BC10059B8D3 /* ClassyTests.xctest */;
			productType = "com.apple.product-type.bundle.unit-test";
		};
		DDD3D4881810D6DA00E378A2 /* ClassyTestsLoader */ = {
			isa = PBXNativeTarget;
			buildConfigurationList = DDD3D4B51810D6DA00E378A2 /* Build configuration list for PBXNativeTarget "ClassyTestsLoader" */;
			buildPhases = (
				85CB2FDD53654D26A4128DD4 /* [CP] Check Pods Manifest.lock */,
				DDD3D4851810D6DA00E378A2 /* Sources */,
				DDD3D4861810D6DA00E378A2 /* Frameworks */,
				DDD3D4871810D6DA00E378A2 /* Resources */,
				4CC291A52E864ADB9C46B39D /* [CP] Copy Pods Resources */,
				FFF7D3BEA4D7F7C1133042F0 /* [CP] Embed Pods Frameworks */,
			);
			buildRules = (
			);
			dependencies = (
			);
			name = ClassyTestsLoader;
			productName = ClassyTests;
			productReference = DDD3D4891810D6DA00E378A2 /* ClassyTestsLoader.app */;
			productType = "com.apple.product-type.application";
		};
/* End PBXNativeTarget section */

/* Begin PBXProject section */
		DDD3D4811810D6DA00E378A2 /* Project object */ = {
			isa = PBXProject;
			attributes = {
				CLASSPREFIX = CAS;
				LastUpgradeCheck = 0500;
				ORGANIZATIONNAME = "Jonas Budelmann";
				TargetAttributes = {
					DDBF583218113BC10059B8D3 = {
						TestTargetID = DDD3D4881810D6DA00E378A2;
					};
				};
			};
			buildConfigurationList = DDD3D4841810D6DA00E378A2 /* Build configuration list for PBXProject "ClassyTests" */;
			compatibilityVersion = "Xcode 3.2";
			developmentRegion = English;
			hasScannedForEncodings = 0;
			knownRegions = (
				en,
			);
			mainGroup = DDD3D4801810D6DA00E378A2;
			productRefGroup = DDD3D48A1810D6DA00E378A2 /* Products */;
			projectDirPath = "";
			projectRoot = "";
			targets = (
				DDD3D4881810D6DA00E378A2 /* ClassyTestsLoader */,
				DDBF583218113BC10059B8D3 /* ClassyTests */,
			);
		};
/* End PBXProject section */

/* Begin PBXResourcesBuildPhase section */
		DDBF583118113BC10059B8D3 /* Resources */ = {
			isa = PBXResourcesBuildPhase;
			buildActionMask = 2147483647;
			files = (
				DDE7E51F18915B0600BA5718 /* Precedence-1.cas in Resources */,
				DD10AD3A1819FA6800A5B71D /* Selectors-Hierarchy.cas in Resources */,
				DD592B13181DE5E800C30F7F /* Selectors-Nested.cas in Resources */,
				DD148307186482AC00E0F5EF /* Variables-Basic.cas in Resources */,
				DDB16C9A1895563900256EC6 /* Injected-File.cas in Resources */,
				DD10AD55181A1C9100A5B71D /* Properties-Args.cas in Resources */,
				DD10AD3D1819FA6800A5B71D /* UIKit-Basic.cas in Resources */,
				DD10AD361819FA6800A5B71D /* CustomView-Basic.cas in Resources */,
				DD52F106183DCB2600F31A3F /* Import-2.cas in Resources */,
				DD10AD371819FA6800A5B71D /* Properties-Basic.cas in Resources */,
				DD85DDBF1841C1DC00126E8C /* Selectors-Media-Queries.cas in Resources */,
				DD10AD381819FA6800A5B71D /* Selectors-Messy.cas in Resources */,
				DD7C18441827464C008110D7 /* Properties-Nested.cas in Resources */,
				DD10AD3C1819FA6800A5B71D /* UIAppearance-Basic.cas in Resources */,
				DD10AD3B1819FA6800A5B71D /* Selectors-Indentation.cas in Resources */,
				DD52F107183DCB2600F31A3F /* Import-Base.cas in Resources */,
				DD2C8C931863D7E300F06746 /* Selectors-Media-Queries-styler.cas in Resources */,
				DD52F105183DCB2600F31A3F /* Import-1.cas in Resources */,
				DD5B2DB0189532DC00CB6531 /* Variables-Injection.cas in Resources */,
				DDE7E52018915B0600BA5718 /* Precedence-2.cas in Resources */,
				DD10AD391819FA6800A5B71D /* Selectors-Complex.cas in Resources */,
				4ED0F9A3198B476E00C9FE2C /* UIKit-MultipleClasses.cas in Resources */,
			);
			runOnlyForDeploymentPostprocessing = 0;
		};
		DDD3D4871810D6DA00E378A2 /* Resources */ = {
			isa = PBXResourcesBuildPhase;
			buildActionMask = 2147483647;
			files = (
				DD175F901820C81A00139EBE /* test_image_2.png in Resources */,
				DDD3D5001810DF7C00E378A2 /* test_image_5.png in Resources */,
				DDD3D4C01810D8B100E378A2 /* Images.xcassets in Resources */,
				DD175F911820C81A00139EBE /* test_image_3.png in Resources */,
				DD175F8F1820C81900139EBE /* test_image_1.png in Resources */,
				DD175F921820C81A00139EBE /* test_image_4.png in Resources */,
			);
			runOnlyForDeploymentPostprocessing = 0;
		};
/* End PBXResourcesBuildPhase section */

/* Begin PBXShellScriptBuildPhase section */
		0D28211D96233A3624E5F34D /* [CP] Embed Pods Frameworks */ = {
			isa = PBXShellScriptBuildPhase;
			buildActionMask = 2147483647;
			files = (
			);
			inputPaths = (
			);
			name = "[CP] Embed Pods Frameworks";
			outputPaths = (
			);
			runOnlyForDeploymentPostprocessing = 0;
			shellPath = /bin/sh;
			shellScript = "\"${SRCROOT}/../Pods/Target Support Files/Pods-ClassyTests/Pods-ClassyTests-frameworks.sh\"\n";
			showEnvVarsInLog = 0;
		};
		4CC291A52E864ADB9C46B39D /* [CP] Copy Pods Resources */ = {
			isa = PBXShellScriptBuildPhase;
			buildActionMask = 2147483647;
			files = (
			);
			inputPaths = (
			);
			name = "[CP] Copy Pods Resources";
			outputPaths = (
			);
			runOnlyForDeploymentPostprocessing = 0;
			shellPath = /bin/sh;
			shellScript = "\"${SRCROOT}/../Pods/Target Support Files/Pods-ClassyTestsLoader/Pods-ClassyTestsLoader-resources.sh\"\n";
			showEnvVarsInLog = 0;
		};
		85CB2FDD53654D26A4128DD4 /* [CP] Check Pods Manifest.lock */ = {
			isa = PBXShellScriptBuildPhase;
			buildActionMask = 2147483647;
			files = (
			);
			inputPaths = (
			);
			name = "[CP] Check Pods Manifest.lock";
			outputPaths = (
			);
			runOnlyForDeploymentPostprocessing = 0;
			shellPath = /bin/sh;
			shellScript = "diff \"${PODS_ROOT}/../Podfile.lock\" \"${PODS_ROOT}/Manifest.lock\" > /dev/null\nif [[ $? != 0 ]] ; then\n    cat << EOM\nerror: The sandbox is not in sync with the Podfile.lock. Run 'pod install' or update your CocoaPods installation.\nEOM\n    exit 1\nfi\n";
			showEnvVarsInLog = 0;
		};
		978F0B8381844F0694B65CD6 /* [CP] Check Pods Manifest.lock */ = {
			isa = PBXShellScriptBuildPhase;
			buildActionMask = 2147483647;
			files = (
			);
			inputPaths = (
			);
			name = "[CP] Check Pods Manifest.lock";
			outputPaths = (
			);
			runOnlyForDeploymentPostprocessing = 0;
			shellPath = /bin/sh;
			shellScript = "diff \"${PODS_ROOT}/../Podfile.lock\" \"${PODS_ROOT}/Manifest.lock\" > /dev/null\nif [[ $? != 0 ]] ; then\n    cat << EOM\nerror: The sandbox is not in sync with the Podfile.lock. Run 'pod install' or update your CocoaPods installation.\nEOM\n    exit 1\nfi\n";
			showEnvVarsInLog = 0;
		};
		CC986B10AB494D06AB85AEF5 /* [CP] Copy Pods Resources */ = {
			isa = PBXShellScriptBuildPhase;
			buildActionMask = 2147483647;
			files = (
			);
			inputPaths = (
			);
			name = "[CP] Copy Pods Resources";
			outputPaths = (
			);
			runOnlyForDeploymentPostprocessing = 0;
			shellPath = /bin/sh;
			shellScript = "\"${SRCROOT}/../Pods/Target Support Files/Pods-ClassyTests/Pods-ClassyTests-resources.sh\"\n";
			showEnvVarsInLog = 0;
		};
		FFF7D3BEA4D7F7C1133042F0 /* [CP] Embed Pods Frameworks */ = {
			isa = PBXShellScriptBuildPhase;
			buildActionMask = 2147483647;
			files = (
			);
			inputPaths = (
			);
			name = "[CP] Embed Pods Frameworks";
			outputPaths = (
			);
			runOnlyForDeploymentPostprocessing = 0;
			shellPath = /bin/sh;
			shellScript = "\"${SRCROOT}/../Pods/Target Support Files/Pods-ClassyTestsLoader/Pods-ClassyTestsLoader-frameworks.sh\"\n";
			showEnvVarsInLog = 0;
		};
/* End PBXShellScriptBuildPhase section */

/* Begin PBXSourcesBuildPhase section */
		DDBF582F18113BC10059B8D3 /* Sources */ = {
			isa = PBXSourcesBuildPhase;
			buildActionMask = 2147483647;
			files = (
				DD748A5C184446A700DE426A /* UIDevice+CASMockDevice.m in Sources */,
				DD10AD51181A174A00A5B71D /* CASUIAppearanceSpec.m in Sources */,
				DD10AD47181A16EA00A5B71D /* CASArgumentDescriptorSpec.m in Sources */,
				DD10AD49181A16EA00A5B71D /* CASParserSpec.m in Sources */,
				DD10AD53181A176000A5B71D /* CASCustomViewSpec.m in Sources */,
				DDBF586818113FCC0059B8D3 /* CASExampleView.m in Sources */,
				DD8248651839684700DDD6EF /* UIView_CASAdditionsSpec.m in Sources */,
				DD9389DE18206A0100C0FFA7 /* CASStyleSelectorSpec.m in Sources */,
				DD10AD4F181A172F00A5B71D /* CASUIKitSpec.m in Sources */,
				DD10AD4B181A16EA00A5B71D /* CASStylePropertySpec.m in Sources */,
				DD10AD4D181A16EA00A5B71D /* CASTokenSpec.m in Sources */,
				DD824863183964CB00DDD6EF /* CASExampleViewController.m in Sources */,
				DD84B3E3183ACC370009ACAA /* GcovTestObserver.m in Sources */,
				DD10AD4C181A16EA00A5B71D /* CASStylerSpec.m in Sources */,
				DD10AD48181A16EA00A5B71D /* CASLexerSpec.m in Sources */,
				DD10AD4A181A16EA00A5B71D /* CASRuntimeExtensionsSpec.m in Sources */,
			);
			runOnlyForDeploymentPostprocessing = 0;
		};
		DDD3D4851810D6DA00E378A2 /* Sources */ = {
			isa = PBXSourcesBuildPhase;
			buildActionMask = 2147483647;
			files = (
				DD84B3E0183ACB0A0009ACAA /* CASTestsAppDelegate.m in Sources */,
				DDD3D4C11810D8B100E378A2 /* main.m in Sources */,
			);
			runOnlyForDeploymentPostprocessing = 0;
		};
/* End PBXSourcesBuildPhase section */

/* Begin PBXTargetDependency section */
		DDBF584118113BC10059B8D3 /* PBXTargetDependency */ = {
			isa = PBXTargetDependency;
			target = DDD3D4881810D6DA00E378A2 /* ClassyTestsLoader */;
			targetProxy = DDBF584018113BC10059B8D3 /* PBXContainerItemProxy */;
		};
/* End PBXTargetDependency section */

/* Begin XCBuildConfiguration section */
		DDBF584318113BC10059B8D3 /* Debug */ = {
			isa = XCBuildConfiguration;
			baseConfigurationReference = B70022280A544A8418F356ED /* Pods-ClassyTests.debug.xcconfig */;
			buildSettings = {
				ARCHS = "$(ARCHS_STANDARD_INCLUDING_64_BIT)";
				BUNDLE_LOADER = "$(BUILT_PRODUCTS_DIR)/ClassyTestsLoader.app/ClassyTestsLoader";
				FRAMEWORK_SEARCH_PATHS = (
					"$(SDKROOT)/Developer/Library/Frameworks",
					"$(inherited)",
					"$(DEVELOPER_FRAMEWORKS_DIR)",
				);
				GCC_PRECOMPILE_PREFIX_HEADER = YES;
				GCC_PREFIX_HEADER = "ClassyTests-Prefix.pch";
				GCC_PREPROCESSOR_DEFINITIONS = (
					"DEBUG=1",
					"$(inherited)",
				);
				INFOPLIST_FILE = "ClassyTests-Info.plist";
				PRODUCT_NAME = "$(TARGET_NAME)";
				TEST_HOST = "$(BUNDLE_LOADER)";
				WRAPPER_EXTENSION = xctest;
			};
			name = Debug;
		};
		DDBF584418113BC10059B8D3 /* Release */ = {
			isa = XCBuildConfiguration;
			baseConfigurationReference = BAA4DBC31A8D4B53D68A49E5 /* Pods-ClassyTests.release.xcconfig */;
			buildSettings = {
				ARCHS = "$(ARCHS_STANDARD_INCLUDING_64_BIT)";
				BUNDLE_LOADER = "$(BUILT_PRODUCTS_DIR)/ClassyTestsLoader.app/ClassyTestsLoader";
				FRAMEWORK_SEARCH_PATHS = (
					"$(SDKROOT)/Developer/Library/Frameworks",
					"$(inherited)",
					"$(DEVELOPER_FRAMEWORKS_DIR)",
				);
				GCC_PRECOMPILE_PREFIX_HEADER = YES;
				GCC_PREFIX_HEADER = "ClassyTests-Prefix.pch";
				INFOPLIST_FILE = "ClassyTests-Info.plist";
				PRODUCT_NAME = "$(TARGET_NAME)";
				TEST_HOST = "$(BUNDLE_LOADER)";
				WRAPPER_EXTENSION = xctest;
			};
			name = Release;
		};
		DDD3D4B31810D6DA00E378A2 /* Debug */ = {
			isa = XCBuildConfiguration;
			buildSettings = {
				ALWAYS_SEARCH_USER_PATHS = NO;
				ARCHS = "$(ARCHS_STANDARD_INCLUDING_64_BIT)";
				CLANG_CXX_LANGUAGE_STANDARD = "gnu++0x";
				CLANG_CXX_LIBRARY = "libc++";
				CLANG_ENABLE_MODULES = YES;
				CLANG_ENABLE_OBJC_ARC = YES;
				CLANG_WARN_BOOL_CONVERSION = YES;
				CLANG_WARN_CONSTANT_CONVERSION = YES;
				CLANG_WARN_DIRECT_OBJC_ISA_USAGE = YES_ERROR;
				CLANG_WARN_EMPTY_BODY = YES;
				CLANG_WARN_ENUM_CONVERSION = YES;
				CLANG_WARN_INT_CONVERSION = YES;
				CLANG_WARN_OBJC_ROOT_CLASS = YES_ERROR;
				CLANG_WARN__DUPLICATE_METHOD_MATCH = YES;
				"CODE_SIGN_IDENTITY[sdk=iphoneos*]" = "iPhone Developer";
				COPY_PHASE_STRIP = NO;
				GCC_C_LANGUAGE_STANDARD = gnu99;
				GCC_DYNAMIC_NO_PIC = NO;
				GCC_OPTIMIZATION_LEVEL = 0;
				GCC_PREPROCESSOR_DEFINITIONS = (
					"DEBUG=1",
					"$(inherited)",
				);
				GCC_SYMBOLS_PRIVATE_EXTERN = NO;
				GCC_WARN_64_TO_32_BIT_CONVERSION = YES;
				GCC_WARN_ABOUT_RETURN_TYPE = YES_ERROR;
				GCC_WARN_UNDECLARED_SELECTOR = YES;
				GCC_WARN_UNINITIALIZED_AUTOS = YES;
				GCC_WARN_UNUSED_FUNCTION = YES;
				GCC_WARN_UNUSED_VARIABLE = YES;
				IPHONEOS_DEPLOYMENT_TARGET = 7.0;
				ONLY_ACTIVE_ARCH = YES;
				SDKROOT = iphoneos;
				TARGETED_DEVICE_FAMILY = "1,2";
			};
			name = Debug;
		};
		DDD3D4B41810D6DA00E378A2 /* Release */ = {
			isa = XCBuildConfiguration;
			buildSettings = {
				ALWAYS_SEARCH_USER_PATHS = NO;
				ARCHS = "$(ARCHS_STANDARD_INCLUDING_64_BIT)";
				CLANG_CXX_LANGUAGE_STANDARD = "gnu++0x";
				CLANG_CXX_LIBRARY = "libc++";
				CLANG_ENABLE_MODULES = YES;
				CLANG_ENABLE_OBJC_ARC = YES;
				CLANG_WARN_BOOL_CONVERSION = YES;
				CLANG_WARN_CONSTANT_CONVERSION = YES;
				CLANG_WARN_DIRECT_OBJC_ISA_USAGE = YES_ERROR;
				CLANG_WARN_EMPTY_BODY = YES;
				CLANG_WARN_ENUM_CONVERSION = YES;
				CLANG_WARN_INT_CONVERSION = YES;
				CLANG_WARN_OBJC_ROOT_CLASS = YES_ERROR;
				CLANG_WARN__DUPLICATE_METHOD_MATCH = YES;
				"CODE_SIGN_IDENTITY[sdk=iphoneos*]" = "iPhone Developer";
				COPY_PHASE_STRIP = YES;
				ENABLE_NS_ASSERTIONS = NO;
				GCC_C_LANGUAGE_STANDARD = gnu99;
				GCC_WARN_64_TO_32_BIT_CONVERSION = YES;
				GCC_WARN_ABOUT_RETURN_TYPE = YES_ERROR;
				GCC_WARN_UNDECLARED_SELECTOR = YES;
				GCC_WARN_UNINITIALIZED_AUTOS = YES;
				GCC_WARN_UNUSED_FUNCTION = YES;
				GCC_WARN_UNUSED_VARIABLE = YES;
				IPHONEOS_DEPLOYMENT_TARGET = 7.0;
				SDKROOT = iphoneos;
				TARGETED_DEVICE_FAMILY = "1,2";
				VALIDATE_PRODUCT = YES;
			};
			name = Release;
		};
		DDD3D4B61810D6DA00E378A2 /* Debug */ = {
			isa = XCBuildConfiguration;
			baseConfigurationReference = 6974873D3DC5638F91AF7A18 /* Pods-ClassyTestsLoader.debug.xcconfig */;
			buildSettings = {
				ASSETCATALOG_COMPILER_APPICON_NAME = AppIcon;
				ASSETCATALOG_COMPILER_LAUNCHIMAGE_NAME = LaunchImage;
				GCC_GENERATE_TEST_COVERAGE_FILES = YES;
				GCC_INSTRUMENT_PROGRAM_FLOW_ARCS = YES;
				GCC_PRECOMPILE_PREFIX_HEADER = YES;
				GCC_PREFIX_HEADER = "ClassyTestsLoader/Classy-Prefix.pch";
				INFOPLIST_FILE = "ClassyTestsLoader/ClassyTestsLoader-Info.plist";
				IPHONEOS_DEPLOYMENT_TARGET = 6.0;
				PRODUCT_NAME = "$(TARGET_NAME)";
				WRAPPER_EXTENSION = app;
			};
			name = Debug;
		};
		DDD3D4B71810D6DA00E378A2 /* Release */ = {
			isa = XCBuildConfiguration;
			baseConfigurationReference = 079339911EDA90D0E7C07ECD /* Pods-ClassyTestsLoader.release.xcconfig */;
			buildSettings = {
				ASSETCATALOG_COMPILER_APPICON_NAME = AppIcon;
				ASSETCATALOG_COMPILER_LAUNCHIMAGE_NAME = LaunchImage;
				GCC_GENERATE_TEST_COVERAGE_FILES = YES;
				GCC_INSTRUMENT_PROGRAM_FLOW_ARCS = YES;
				GCC_PRECOMPILE_PREFIX_HEADER = YES;
				GCC_PREFIX_HEADER = "ClassyTestsLoader/Classy-Prefix.pch";
				INFOPLIST_FILE = "ClassyTestsLoader/ClassyTestsLoader-Info.plist";
				IPHONEOS_DEPLOYMENT_TARGET = 6.0;
				PRODUCT_NAME = "$(TARGET_NAME)";
				WRAPPER_EXTENSION = app;
			};
			name = Release;
		};
/* End XCBuildConfiguration section */

/* Begin XCConfigurationList section */
		DDBF584218113BC10059B8D3 /* Build configuration list for PBXNativeTarget "ClassyTests" */ = {
			isa = XCConfigurationList;
			buildConfigurations = (
				DDBF584318113BC10059B8D3 /* Debug */,
				DDBF584418113BC10059B8D3 /* Release */,
			);
			defaultConfigurationIsVisible = 0;
			defaultConfigurationName = Release;
		};
		DDD3D4841810D6DA00E378A2 /* Build configuration list for PBXProject "ClassyTests" */ = {
			isa = XCConfigurationList;
			buildConfigurations = (
				DDD3D4B31810D6DA00E378A2 /* Debug */,
				DDD3D4B41810D6DA00E378A2 /* Release */,
			);
			defaultConfigurationIsVisible = 0;
			defaultConfigurationName = Release;
		};
		DDD3D4B51810D6DA00E378A2 /* Build configuration list for PBXNativeTarget "ClassyTestsLoader" */ = {
			isa = XCConfigurationList;
			buildConfigurations = (
				DDD3D4B61810D6DA00E378A2 /* Debug */,
				DDD3D4B71810D6DA00E378A2 /* Release */,
			);
			defaultConfigurationIsVisible = 0;
			defaultConfigurationName = Release;
		};
/* End XCConfigurationList section */
	};
	rootObject = DDD3D4811810D6DA00E378A2 /* Project object */;
}
